
Microsoft Visual Studio Solution File, Format Version 12.00
# Visual Studio Version 16
VisualStudioVersion = 16.0.31321.278
MinimumVisualStudioVersion = 10.0.40219.1
Project("{FAE04EC0-301F-11D3-BF4B-00C04F79EFBC}") = "GameLauncher", "GameLauncher\GameLauncher.csproj", "{0BE37F82-25B0-416C-B1B0-10FA565A8959}"
EndProject
Global
	GlobalSection(SolutionConfigurationPlatforms) = preSolution
		Debug|Any CPU = Debug|Any CPU
		Release|Any CPU = Release|Any CPU
	EndGlobalSection
	GlobalSection(ProjectConfigurationPlatforms) = postSolution
		{0BE37F82-25B0-416C-B1B0-10FA565A8959}.Debug|Any CPU.ActiveCfg = Debug|Any CPU
		{0BE37F82-25B0-416C-B1B0-10FA565A8959}.Debug|Any CPU.Build.0 = Debug|Any CPU
		{0BE37F82-25B0-416C-B1B0-10FA565A8959}.Release|Any CPU.ActiveCfg = Release|Any CPU
		{0BE37F82-25B0-416C-B1B0-10FA565A8959}.Release|Any CPU.Build.0 = Release|Any CPU
	EndGlobalSection
	GlobalSection(SolutionProperties) = preSolution
		HideSolutionNode = FALSE
	EndGlobalSection
	GlobalSection(ExtensibilityGlobals) = postSolution
		SolutionGuid = {0631F3A4-9828-4BC5-967E-23473A38E97D}
	EndGlobalSection
EndGlobal
